
Microsoft Visual Studio Solution File, Format Version 12.00
# Visual Studio Version 16
VisualStudioVersion = 16.0.31129.286
MinimumVisualStudioVersion = 10.0.40219.1
Project("{FAE04EC0-301F-11D3-BF4B-00C04F79EFBC}") = "001", "ConsoleApp1\001.csproj", "{23AA3702-6CF3-4B5B-91C0-E450E14A7C35}"
EndProject
Project("{FAE04EC0-301F-11D3-BF4B-00C04F79EFBC}") = "002", "002\002.csproj", "{83D70F4D-3726-4E78-8647-3089457B74AB}"
EndProject
Project("{FAE04EC0-301F-11D3-BF4B-00C04F79EFBC}") = "003", "003\003.csproj", "{4C03674E-8265-4E9B-8EB8-F03AA32A79E7}"
EndProject
Global
	GlobalSection(SolutionConfigurationPlatforms) = preSolution
		Debug|Any CPU = Debug|Any CPU
		Release|Any CPU = Release|Any CPU
	EndGlobalSection
	GlobalSection(ProjectConfigurationPlatforms) = postSolution
		{23AA3702-6CF3-4B5B-91C0-E450E14A7C35}.Debug|Any CPU.ActiveCfg = Debug|Any CPU
		{23AA3702-6CF3-4B5B-91C0-E450E14A7C35}.Debug|Any CPU.Build.0 = Debug|Any CPU
		{23AA3702-6CF3-4B5B-91C0-E450E14A7C35}.Release|Any CPU.ActiveCfg = Release|Any CPU
		{23AA3702-6CF3-4B5B-91C0-E450E14A7C35}.Release|Any CPU.Build.0 = Release|Any CPU
		{83D70F4D-3726-4E78-8647-3089457B74AB}.Debug|Any CPU.ActiveCfg = Debug|Any CPU
		{83D70F4D-3726-4E78-8647-3089457B74AB}.Debug|Any CPU.Build.0 = Debug|Any CPU
		{83D70F4D-3726-4E78-8647-3089457B74AB}.Release|Any CPU.ActiveCfg = Release|Any CPU
		{83D70F4D-3726-4E78-8647-3089457B74AB}.Release|Any CPU.Build.0 = Release|Any CPU
		{4C03674E-8265-4E9B-8EB8-F03AA32A79E7}.Debug|Any CPU.ActiveCfg = Debug|Any CPU
		{4C03674E-8265-4E9B-8EB8-F03AA32A79E7}.Debug|Any CPU.Build.0 = Debug|Any CPU
		{4C03674E-8265-4E9B-8EB8-F03AA32A79E7}.Release|Any CPU.ActiveCfg = Release|Any CPU
		{4C03674E-8265-4E9B-8EB8-F03AA32A79E7}.Release|Any CPU.Build.0 = Release|Any CPU
	EndGlobalSection
	GlobalSection(SolutionProperties) = preSolution
		HideSolutionNode = FALSE
	EndGlobalSection
	GlobalSection(ExtensibilityGlobals) = postSolution
		SolutionGuid = {E2F2BCBE-ACCD-4FFD-B7DF-672E9FC4119A}
	EndGlobalSection
EndGlobal
